
Microsoft Visual Studio Solution File, Format Version 12.00
# Visual Studio 15
VisualStudioVersion = 15.0.27428.2037
MinimumVisualStudioVersion = 10.0.40219.1
Project("{9A19103F-16F7-4668-BE54-9A1E7A4F7556}") = "Calories.Api", "Calories.Api\Calories.Api.csproj", "{9DB4A597-6D2C-4E6F-9DC5-1F06367F7F8F}"
EndProject
Project("{9A19103F-16F7-4668-BE54-9A1E7A4F7556}") = "Calories.Database", "Calories.Database\Calories.Database.csproj", "{A849B7B8-0584-4266-A383-8DD89D8F3FED}"
EndProject
Project("{9A19103F-16F7-4668-BE54-9A1E7A4F7556}") = "Calories.Common", "Calories.Common\Calories.Common.csproj", "{787BC72F-1075-471F-A707-2F019F5513E0}"
EndProject
Project("{9A19103F-16F7-4668-BE54-9A1E7A4F7556}") = "Calories.Services", "Calories.Services\Calories.Services.csproj", "{C4362E63-99F5-4F08-91AE-61B7377DE132}"
EndProject
Project("{9A19103F-16F7-4668-BE54-9A1E7A4F7556}") = "Calories.Data", "Calories.Data\Calories.Data.csproj", "{23C0F7E0-A15E-415C-A455-73E1D994EFEF}"
EndProject
Project("{9A19103F-16F7-4668-BE54-9A1E7A4F7556}") = "Common.Standard", "..\..\C#\C-Sharp-Common-Standard\Common.Standard.csproj", "{604CEF97-3F0E-4FA3-9005-18B3447176F5}"
EndProject
Project("{9A19103F-16F7-4668-BE54-9A1E7A4F7556}") = "Calories.Console", "Calories.Console\Calories.Console.csproj", "{03F4A958-4E18-4C24-86F7-9975043B89E0}"
EndProject
Project("{9A19103F-16F7-4668-BE54-9A1E7A4F7556}") = "Aspnet.Additions", "..\..\C#\aspnet-core-additions\Aspnet.Additions.csproj", "{1D6F3F9D-9937-40BF-905D-81E57BCD50AE}"
EndProject
Global
	GlobalSection(SolutionConfigurationPlatforms) = preSolution
		Debug|Any CPU = Debug|Any CPU
		Release|Any CPU = Release|Any CPU
		Test|Any CPU = Test|Any CPU
	EndGlobalSection
	GlobalSection(ProjectConfigurationPlatforms) = postSolution
		{9DB4A597-6D2C-4E6F-9DC5-1F06367F7F8F}.Debug|Any CPU.ActiveCfg = Debug|Any CPU
		{9DB4A597-6D2C-4E6F-9DC5-1F06367F7F8F}.Debug|Any CPU.Build.0 = Debug|Any CPU
		{9DB4A597-6D2C-4E6F-9DC5-1F06367F7F8F}.Release|Any CPU.ActiveCfg = Release|Any CPU
		{9DB4A597-6D2C-4E6F-9DC5-1F06367F7F8F}.Release|Any CPU.Build.0 = Release|Any CPU
		{9DB4A597-6D2C-4E6F-9DC5-1F06367F7F8F}.Test|Any CPU.ActiveCfg = Debug|Any CPU
		{9DB4A597-6D2C-4E6F-9DC5-1F06367F7F8F}.Test|Any CPU.Build.0 = Debug|Any CPU
		{A849B7B8-0584-4266-A383-8DD89D8F3FED}.Debug|Any CPU.ActiveCfg = Debug|Any CPU
		{A849B7B8-0584-4266-A383-8DD89D8F3FED}.Debug|Any CPU.Build.0 = Debug|Any CPU
		{A849B7B8-0584-4266-A383-8DD89D8F3FED}.Release|Any CPU.ActiveCfg = Release|Any CPU
		{A849B7B8-0584-4266-A383-8DD89D8F3FED}.Release|Any CPU.Build.0 = Release|Any CPU
		{A849B7B8-0584-4266-A383-8DD89D8F3FED}.Test|Any CPU.ActiveCfg = Debug|Any CPU
		{A849B7B8-0584-4266-A383-8DD89D8F3FED}.Test|Any CPU.Build.0 = Debug|Any CPU
		{787BC72F-1075-471F-A707-2F019F5513E0}.Debug|Any CPU.ActiveCfg = Debug|Any CPU
		{787BC72F-1075-471F-A707-2F019F5513E0}.Debug|Any CPU.Build.0 = Debug|Any CPU
		{787BC72F-1075-471F-A707-2F019F5513E0}.Release|Any CPU.ActiveCfg = Release|Any CPU
		{787BC72F-1075-471F-A707-2F019F5513E0}.Release|Any CPU.Build.0 = Release|Any CPU
		{787BC72F-1075-471F-A707-2F019F5513E0}.Test|Any CPU.ActiveCfg = Debug|Any CPU
		{787BC72F-1075-471F-A707-2F019F5513E0}.Test|Any CPU.Build.0 = Debug|Any CPU
		{C4362E63-99F5-4F08-91AE-61B7377DE132}.Debug|Any CPU.ActiveCfg = Debug|Any CPU
		{C4362E63-99F5-4F08-91AE-61B7377DE132}.Debug|Any CPU.Build.0 = Debug|Any CPU
		{C4362E63-99F5-4F08-91AE-61B7377DE132}.Release|Any CPU.ActiveCfg = Release|Any CPU
		{C4362E63-99F5-4F08-91AE-61B7377DE132}.Release|Any CPU.Build.0 = Release|Any CPU
		{C4362E63-99F5-4F08-91AE-61B7377DE132}.Test|Any CPU.ActiveCfg = Debug|Any CPU
		{C4362E63-99F5-4F08-91AE-61B7377DE132}.Test|Any CPU.Build.0 = Debug|Any CPU
		{23C0F7E0-A15E-415C-A455-73E1D994EFEF}.Debug|Any CPU.ActiveCfg = Debug|Any CPU
		{23C0F7E0-A15E-415C-A455-73E1D994EFEF}.Debug|Any CPU.Build.0 = Debug|Any CPU
		{23C0F7E0-A15E-415C-A455-73E1D994EFEF}.Release|Any CPU.ActiveCfg = Release|Any CPU
		{23C0F7E0-A15E-415C-A455-73E1D994EFEF}.Release|Any CPU.Build.0 = Release|Any CPU
		{23C0F7E0-A15E-415C-A455-73E1D994EFEF}.Test|Any CPU.ActiveCfg = Debug|Any CPU
		{23C0F7E0-A15E-415C-A455-73E1D994EFEF}.Test|Any CPU.Build.0 = Debug|Any CPU
		{604CEF97-3F0E-4FA3-9005-18B3447176F5}.Debug|Any CPU.ActiveCfg = Debug|Any CPU
		{604CEF97-3F0E-4FA3-9005-18B3447176F5}.Debug|Any CPU.Build.0 = Debug|Any CPU
		{604CEF97-3F0E-4FA3-9005-18B3447176F5}.Release|Any CPU.ActiveCfg = Release|Any CPU
		{604CEF97-3F0E-4FA3-9005-18B3447176F5}.Release|Any CPU.Build.0 = Release|Any CPU
		{604CEF97-3F0E-4FA3-9005-18B3447176F5}.Test|Any CPU.ActiveCfg = Debug|Any CPU
		{604CEF97-3F0E-4FA3-9005-18B3447176F5}.Test|Any CPU.Build.0 = Debug|Any CPU
		{03F4A958-4E18-4C24-86F7-9975043B89E0}.Debug|Any CPU.ActiveCfg = Debug|Any CPU
		{03F4A958-4E18-4C24-86F7-9975043B89E0}.Debug|Any CPU.Build.0 = Debug|Any CPU
		{03F4A958-4E18-4C24-86F7-9975043B89E0}.Release|Any CPU.ActiveCfg = Release|Any CPU
		{03F4A958-4E18-4C24-86F7-9975043B89E0}.Release|Any CPU.Build.0 = Release|Any CPU
		{03F4A958-4E18-4C24-86F7-9975043B89E0}.Test|Any CPU.ActiveCfg = Debug|Any CPU
		{03F4A958-4E18-4C24-86F7-9975043B89E0}.Test|Any CPU.Build.0 = Debug|Any CPU
		{1D6F3F9D-9937-40BF-905D-81E57BCD50AE}.Debug|Any CPU.ActiveCfg = Debug|Any CPU
		{1D6F3F9D-9937-40BF-905D-81E57BCD50AE}.Debug|Any CPU.Build.0 = Debug|Any CPU
		{1D6F3F9D-9937-40BF-905D-81E57BCD50AE}.Release|Any CPU.ActiveCfg = Release|Any CPU
		{1D6F3F9D-9937-40BF-905D-81E57BCD50AE}.Release|Any CPU.Build.0 = Release|Any CPU
		{1D6F3F9D-9937-40BF-905D-81E57BCD50AE}.Test|Any CPU.ActiveCfg = Debug|Any CPU
		{1D6F3F9D-9937-40BF-905D-81E57BCD50AE}.Test|Any CPU.Build.0 = Debug|Any CPU
	EndGlobalSection
	GlobalSection(SolutionProperties) = preSolution
		HideSolutionNode = FALSE
	EndGlobalSection
	GlobalSection(ExtensibilityGlobals) = postSolution
		SolutionGuid = {21CC34C7-1C8D-4950-A200-3C9214DA70A6}
	EndGlobalSection
EndGlobal
